{
    "name": "swifton-databases",
    "version": "1.0.0",
    "lockfileVersion": 2,
    "requires": true,
    "packages": {
        "": {
            "name": "swifton-databases",
            "version": "1.0.0",
            "license": "NA",
            "engines": {
                "ghost": ">=5.116.1"
            }
        }
    }
}